
Microsoft Visual Studio Solution File, Format Version 11.00
# Visual Studio 2010
Project("{FAE04EC0-301F-11D3-BF4B-00C04F79EFBC}") = "js.net", "js.net\js.net.csproj", "{78104D21-D04B-468F-924E-5649C5ED52CE}"
EndProject
Project("{FAE04EC0-301F-11D3-BF4B-00C04F79EFBC}") = "js.net.tests", "js.net.tests\js.net.tests.csproj", "{258AF24C-666D-4C15-AF5E-58CED61916DF}"
EndProject
Project("{2150E333-8FDC-42A3-9474-1A3956D46DE8}") = "Solution Items", "Solution Items", "{774163BA-8779-48A7-B4CD-960BA427D4C8}"
	ProjectSection(SolutionItems) = preProject
		build.js = build.js
		README.md = README.md
	EndProjectSection
EndProject
Project("{FAE04EC0-301F-11D3-BF4B-00C04F79EFBC}") = "js.net.jish", "js.net.jish\js.net.jish.csproj", "{DA40C9AF-D43B-4E01-B89F-B249AC28C031}"
EndProject
Project("{2150E333-8FDC-42A3-9474-1A3956D46DE8}") = "Setup", "Setup", "{9D82F465-59F8-479B-92FA-A7A012CD3D14}"
EndProject
Project("{FAE04EC0-301F-11D3-BF4B-00C04F79EFBC}") = "js.net.test.module", "js.net.test.module\js.net.test.module.csproj", "{C96C008B-53F6-486C-972C-259EFA810C19}"
EndProject
Project("{54435603-DBB4-11D2-8724-00A0C9A8B90C}") = "js.net.setup", "js.net.setup\js.net.setup.vdproj", "{57E62709-58B5-4065-9250-597AAB74CF8C}"
EndProject
Project("{2150E333-8FDC-42A3-9474-1A3956D46DE8}") = "Test", "Test", "{598E163C-4575-4575-86A9-ACDA10AFF0ED}"
EndProject
Global
	GlobalSection(SolutionConfigurationPlatforms) = preSolution
		Debug|Any CPU = Debug|Any CPU
		Debug|Mixed Platforms = Debug|Mixed Platforms
		Debug|x86 = Debug|x86
		Release|Any CPU = Release|Any CPU
		Release|Mixed Platforms = Release|Mixed Platforms
		Release|x86 = Release|x86
	EndGlobalSection
	GlobalSection(ProjectConfigurationPlatforms) = postSolution
		{78104D21-D04B-468F-924E-5649C5ED52CE}.Debug|Any CPU.ActiveCfg = Debug|x86
		{78104D21-D04B-468F-924E-5649C5ED52CE}.Debug|Mixed Platforms.ActiveCfg = Debug|x86
		{78104D21-D04B-468F-924E-5649C5ED52CE}.Debug|Mixed Platforms.Build.0 = Debug|x86
		{78104D21-D04B-468F-924E-5649C5ED52CE}.Debug|x86.ActiveCfg = Debug|x86
		{78104D21-D04B-468F-924E-5649C5ED52CE}.Debug|x86.Build.0 = Debug|x86
		{78104D21-D04B-468F-924E-5649C5ED52CE}.Release|Any CPU.ActiveCfg = Release|x86
		{78104D21-D04B-468F-924E-5649C5ED52CE}.Release|Mixed Platforms.ActiveCfg = Release|x86
		{78104D21-D04B-468F-924E-5649C5ED52CE}.Release|Mixed Platforms.Build.0 = Release|x86
		{78104D21-D04B-468F-924E-5649C5ED52CE}.Release|x86.ActiveCfg = Release|x86
		{78104D21-D04B-468F-924E-5649C5ED52CE}.Release|x86.Build.0 = Release|x86
		{258AF24C-666D-4C15-AF5E-58CED61916DF}.Debug|Any CPU.ActiveCfg = Debug|Any CPU
		{258AF24C-666D-4C15-AF5E-58CED61916DF}.Debug|Any CPU.Build.0 = Debug|Any CPU
		{258AF24C-666D-4C15-AF5E-58CED61916DF}.Debug|Mixed Platforms.ActiveCfg = Debug|Any CPU
		{258AF24C-666D-4C15-AF5E-58CED61916DF}.Debug|Mixed Platforms.Build.0 = Debug|Any CPU
		{258AF24C-666D-4C15-AF5E-58CED61916DF}.Debug|x86.ActiveCfg = Debug|Any CPU
		{258AF24C-666D-4C15-AF5E-58CED61916DF}.Release|Any CPU.ActiveCfg = Release|Any CPU
		{258AF24C-666D-4C15-AF5E-58CED61916DF}.Release|Any CPU.Build.0 = Release|Any CPU
		{258AF24C-666D-4C15-AF5E-58CED61916DF}.Release|Mixed Platforms.ActiveCfg = Release|Any CPU
		{258AF24C-666D-4C15-AF5E-58CED61916DF}.Release|Mixed Platforms.Build.0 = Release|Any CPU
		{258AF24C-666D-4C15-AF5E-58CED61916DF}.Release|x86.ActiveCfg = Release|Any CPU
		{DA40C9AF-D43B-4E01-B89F-B249AC28C031}.Debug|Any CPU.ActiveCfg = Debug|x86
		{DA40C9AF-D43B-4E01-B89F-B249AC28C031}.Debug|Mixed Platforms.ActiveCfg = Debug|x86
		{DA40C9AF-D43B-4E01-B89F-B249AC28C031}.Debug|Mixed Platforms.Build.0 = Debug|x86
		{DA40C9AF-D43B-4E01-B89F-B249AC28C031}.Debug|x86.ActiveCfg = Debug|x86
		{DA40C9AF-D43B-4E01-B89F-B249AC28C031}.Debug|x86.Build.0 = Debug|x86
		{DA40C9AF-D43B-4E01-B89F-B249AC28C031}.Release|Any CPU.ActiveCfg = Release|x86
		{DA40C9AF-D43B-4E01-B89F-B249AC28C031}.Release|Mixed Platforms.ActiveCfg = Release|x86
		{DA40C9AF-D43B-4E01-B89F-B249AC28C031}.Release|Mixed Platforms.Build.0 = Release|x86
		{DA40C9AF-D43B-4E01-B89F-B249AC28C031}.Release|x86.ActiveCfg = Release|x86
		{DA40C9AF-D43B-4E01-B89F-B249AC28C031}.Release|x86.Build.0 = Release|x86
		{C96C008B-53F6-486C-972C-259EFA810C19}.Debug|Any CPU.ActiveCfg = Debug|Any CPU
		{C96C008B-53F6-486C-972C-259EFA810C19}.Debug|Any CPU.Build.0 = Debug|Any CPU
		{C96C008B-53F6-486C-972C-259EFA810C19}.Debug|Mixed Platforms.ActiveCfg = Debug|Any CPU
		{C96C008B-53F6-486C-972C-259EFA810C19}.Debug|Mixed Platforms.Build.0 = Debug|Any CPU
		{C96C008B-53F6-486C-972C-259EFA810C19}.Debug|x86.ActiveCfg = Debug|Any CPU
		{C96C008B-53F6-486C-972C-259EFA810C19}.Release|Any CPU.ActiveCfg = Release|Any CPU
		{C96C008B-53F6-486C-972C-259EFA810C19}.Release|Any CPU.Build.0 = Release|Any CPU
		{C96C008B-53F6-486C-972C-259EFA810C19}.Release|Mixed Platforms.ActiveCfg = Release|Any CPU
		{C96C008B-53F6-486C-972C-259EFA810C19}.Release|Mixed Platforms.Build.0 = Release|Any CPU
		{C96C008B-53F6-486C-972C-259EFA810C19}.Release|x86.ActiveCfg = Release|Any CPU
		{57E62709-58B5-4065-9250-597AAB74CF8C}.Debug|Any CPU.ActiveCfg = Debug
		{57E62709-58B5-4065-9250-597AAB74CF8C}.Debug|Mixed Platforms.ActiveCfg = Debug
		{57E62709-58B5-4065-9250-597AAB74CF8C}.Debug|x86.ActiveCfg = Debug
		{57E62709-58B5-4065-9250-597AAB74CF8C}.Release|Any CPU.ActiveCfg = Release
		{57E62709-58B5-4065-9250-597AAB74CF8C}.Release|Mixed Platforms.ActiveCfg = Release
		{57E62709-58B5-4065-9250-597AAB74CF8C}.Release|x86.ActiveCfg = Release
	EndGlobalSection
	GlobalSection(SolutionProperties) = preSolution
		HideSolutionNode = FALSE
	EndGlobalSection
	GlobalSection(NestedProjects) = preSolution
		{C96C008B-53F6-486C-972C-259EFA810C19} = {598E163C-4575-4575-86A9-ACDA10AFF0ED}
		{258AF24C-666D-4C15-AF5E-58CED61916DF} = {598E163C-4575-4575-86A9-ACDA10AFF0ED}
		{57E62709-58B5-4065-9250-597AAB74CF8C} = {9D82F465-59F8-479B-92FA-A7A012CD3D14}
	EndGlobalSection
EndGlobal
